
Microsoft Visual Studio Solution File, Format Version 12.00
# Visual Studio Version 17
VisualStudioVersion = 17.9.34723.18
MinimumVisualStudioVersion = 10.0.40219.1
Project("{9A19103F-16F7-4668-BE54-9A1E7A4F7556}") = "Workaround", "Workaround\Workaround.csproj", "{FE3E5B9C-5913-492A-879B-1EE50A3754FE}"
EndProject
Project("{FAE04EC0-301F-11D3-BF4B-00C04F79EFBC}") = "Entities", "Entities\Entities.csproj", "{7E60F7A8-DA93-44AF-BA6F-3808D5F3E4CA}"
EndProject
Project("{FAE04EC0-301F-11D3-BF4B-00C04F79EFBC}") = "Business", "Business\Business.csproj", "{93FA6636-A396-485C-8929-96402F742D1F}"
EndProject
Global
	GlobalSection(SolutionConfigurationPlatforms) = preSolution
		Debug|Any CPU = Debug|Any CPU
		Release|Any CPU = Release|Any CPU
	EndGlobalSection
	GlobalSection(ProjectConfigurationPlatforms) = postSolution
		{FE3E5B9C-5913-492A-879B-1EE50A3754FE}.Debug|Any CPU.ActiveCfg = Debug|Any CPU
		{FE3E5B9C-5913-492A-879B-1EE50A3754FE}.Debug|Any CPU.Build.0 = Debug|Any CPU
		{FE3E5B9C-5913-492A-879B-1EE50A3754FE}.Release|Any CPU.ActiveCfg = Release|Any CPU
		{FE3E5B9C-5913-492A-879B-1EE50A3754FE}.Release|Any CPU.Build.0 = Release|Any CPU
		{7E60F7A8-DA93-44AF-BA6F-3808D5F3E4CA}.Debug|Any CPU.ActiveCfg = Debug|Any CPU
		{7E60F7A8-DA93-44AF-BA6F-3808D5F3E4CA}.Debug|Any CPU.Build.0 = Debug|Any CPU
		{7E60F7A8-DA93-44AF-BA6F-3808D5F3E4CA}.Release|Any CPU.ActiveCfg = Release|Any CPU
		{7E60F7A8-DA93-44AF-BA6F-3808D5F3E4CA}.Release|Any CPU.Build.0 = Release|Any CPU
		{93FA6636-A396-485C-8929-96402F742D1F}.Debug|Any CPU.ActiveCfg = Debug|Any CPU
		{93FA6636-A396-485C-8929-96402F742D1F}.Debug|Any CPU.Build.0 = Debug|Any CPU
		{93FA6636-A396-485C-8929-96402F742D1F}.Release|Any CPU.ActiveCfg = Release|Any CPU
		{93FA6636-A396-485C-8929-96402F742D1F}.Release|Any CPU.Build.0 = Release|Any CPU
	EndGlobalSection
	GlobalSection(SolutionProperties) = preSolution
		HideSolutionNode = FALSE
	EndGlobalSection
	GlobalSection(ExtensibilityGlobals) = postSolution
		SolutionGuid = {EBCA6715-F940-4484-8B33-62AFBEE1D7DD}
	EndGlobalSection
EndGlobal
